
Microsoft Visual Studio Solution File, Format Version 12.00
# Visual Studio 14
VisualStudioVersion = 14.0.25123.0
MinimumVisualStudioVersion = 10.0.40219.1
Project("{FAE04EC0-301F-11D3-BF4B-00C04F79EFBC}") = "studentdatabase", "studentdatabase\studentdatabase.csproj", "{270E25F1-383C-449E-8253-C9CCFA681FE8}"
EndProject
Global
	GlobalSection(SolutionConfigurationPlatforms) = preSolution
		Debug|Any CPU = Debug|Any CPU
		Release|Any CPU = Release|Any CPU
	EndGlobalSection
	GlobalSection(ProjectConfigurationPlatforms) = postSolution
		{270E25F1-383C-449E-8253-C9CCFA681FE8}.Debug|Any CPU.ActiveCfg = Debug|Any CPU
		{270E25F1-383C-449E-8253-C9CCFA681FE8}.Debug|Any CPU.Build.0 = Debug|Any CPU
		{270E25F1-383C-449E-8253-C9CCFA681FE8}.Release|Any CPU.ActiveCfg = Release|Any CPU
		{270E25F1-383C-449E-8253-C9CCFA681FE8}.Release|Any CPU.Build.0 = Release|Any CPU
	EndGlobalSection
	GlobalSection(SolutionProperties) = preSolution
		HideSolutionNode = FALSE
	EndGlobalSection
EndGlobal
