
Microsoft Visual Studio Solution File, Format Version 12.00
# Visual Studio 15
VisualStudioVersion = 15.0.27130.2024
MinimumVisualStudioVersion = 10.0.40219.1
Project("{FAE04EC0-301F-11D3-BF4B-00C04F79EFBC}") = "server_test.Android", "server_test\server_test.Android\server_test.Android.csproj", "{BBF264F2-6D28-4B79-8BB1-58512DC5F152}"
EndProject
Project("{FAE04EC0-301F-11D3-BF4B-00C04F79EFBC}") = "server_test.iOS", "server_test\server_test.iOS\server_test.iOS.csproj", "{1C876052-1EA1-480D-B2CF-75FBE8980C9F}"
EndProject
Project("{D954291E-2A0B-460D-934E-DC6B0785DB48}") = "server_test", "server_test\server_test\server_test.shproj", "{60B89173-656D-47EA-82BB-EA67EB3932BD}"
EndProject
Global
	GlobalSection(SharedMSBuildProjectFiles) = preSolution
		server_test\server_test\server_test.projitems*{1c876052-1ea1-480d-b2cf-75fbe8980c9f}*SharedItemsImports = 4
		server_test\server_test\server_test.projitems*{60b89173-656d-47ea-82bb-ea67eb3932bd}*SharedItemsImports = 13
		server_test\server_test\server_test.projitems*{bbf264f2-6d28-4b79-8bb1-58512dc5f152}*SharedItemsImports = 4
	EndGlobalSection
	GlobalSection(SolutionConfigurationPlatforms) = preSolution
		Ad-Hoc|Any CPU = Ad-Hoc|Any CPU
		Ad-Hoc|iPhone = Ad-Hoc|iPhone
		Ad-Hoc|iPhoneSimulator = Ad-Hoc|iPhoneSimulator
		AppStore|Any CPU = AppStore|Any CPU
		AppStore|iPhone = AppStore|iPhone
		AppStore|iPhoneSimulator = AppStore|iPhoneSimulator
		Debug|Any CPU = Debug|Any CPU
		Debug|iPhone = Debug|iPhone
		Debug|iPhoneSimulator = Debug|iPhoneSimulator
		Release|Any CPU = Release|Any CPU
		Release|iPhone = Release|iPhone
		Release|iPhoneSimulator = Release|iPhoneSimulator
	EndGlobalSection
	GlobalSection(ProjectConfigurationPlatforms) = postSolution
		{BBF264F2-6D28-4B79-8BB1-58512DC5F152}.Ad-Hoc|Any CPU.ActiveCfg = Release|Any CPU
		{BBF264F2-6D28-4B79-8BB1-58512DC5F152}.Ad-Hoc|Any CPU.Build.0 = Release|Any CPU
		{BBF264F2-6D28-4B79-8BB1-58512DC5F152}.Ad-Hoc|Any CPU.Deploy.0 = Release|Any CPU
		{BBF264F2-6D28-4B79-8BB1-58512DC5F152}.Ad-Hoc|iPhone.ActiveCfg = Release|Any CPU
		{BBF264F2-6D28-4B79-8BB1-58512DC5F152}.Ad-Hoc|iPhone.Build.0 = Release|Any CPU
		{BBF264F2-6D28-4B79-8BB1-58512DC5F152}.Ad-Hoc|iPhone.Deploy.0 = Release|Any CPU
		{BBF264F2-6D28-4B79-8BB1-58512DC5F152}.Ad-Hoc|iPhoneSimulator.ActiveCfg = Release|Any CPU
		{BBF264F2-6D28-4B79-8BB1-58512DC5F152}.Ad-Hoc|iPhoneSimulator.Build.0 = Release|Any CPU
		{BBF264F2-6D28-4B79-8BB1-58512DC5F152}.Ad-Hoc|iPhoneSimulator.Deploy.0 = Release|Any CPU
		{BBF264F2-6D28-4B79-8BB1-58512DC5F152}.AppStore|Any CPU.ActiveCfg = Release|Any CPU
		{BBF264F2-6D28-4B79-8BB1-58512DC5F152}.AppStore|Any CPU.Build.0 = Release|Any CPU
		{BBF264F2-6D28-4B79-8BB1-58512DC5F152}.AppStore|Any CPU.Deploy.0 = Release|Any CPU
		{BBF264F2-6D28-4B79-8BB1-58512DC5F152}.AppStore|iPhone.ActiveCfg = Release|Any CPU
		{BBF264F2-6D28-4B79-8BB1-58512DC5F152}.AppStore|iPhone.Build.0 = Release|Any CPU
		{BBF264F2-6D28-4B79-8BB1-58512DC5F152}.AppStore|iPhone.Deploy.0 = Release|Any CPU
		{BBF264F2-6D28-4B79-8BB1-58512DC5F152}.AppStore|iPhoneSimulator.ActiveCfg = Release|Any CPU
		{BBF264F2-6D28-4B79-8BB1-58512DC5F152}.AppStore|iPhoneSimulator.Build.0 = Release|Any CPU
		{BBF264F2-6D28-4B79-8BB1-58512DC5F152}.AppStore|iPhoneSimulator.Deploy.0 = Release|Any CPU
		{BBF264F2-6D28-4B79-8BB1-58512DC5F152}.Debug|Any CPU.ActiveCfg = Debug|Any CPU
		{BBF264F2-6D28-4B79-8BB1-58512DC5F152}.Debug|Any CPU.Build.0 = Debug|Any CPU
		{BBF264F2-6D28-4B79-8BB1-58512DC5F152}.Debug|Any CPU.Deploy.0 = Debug|Any CPU
		{BBF264F2-6D28-4B79-8BB1-58512DC5F152}.Debug|iPhone.ActiveCfg = Debug|Any CPU
		{BBF264F2-6D28-4B79-8BB1-58512DC5F152}.Debug|iPhone.Build.0 = Debug|Any CPU
		{BBF264F2-6D28-4B79-8BB1-58512DC5F152}.Debug|iPhone.Deploy.0 = Debug|Any CPU
		{BBF264F2-6D28-4B79-8BB1-58512DC5F152}.Debug|iPhoneSimulator.ActiveCfg = Debug|Any CPU
		{BBF264F2-6D28-4B79-8BB1-58512DC5F152}.Debug|iPhoneSimulator.Build.0 = Debug|Any CPU
		{BBF264F2-6D28-4B79-8BB1-58512DC5F152}.Debug|iPhoneSimulator.Deploy.0 = Debug|Any CPU
		{BBF264F2-6D28-4B79-8BB1-58512DC5F152}.Release|Any CPU.ActiveCfg = Release|Any CPU
		{BBF264F2-6D28-4B79-8BB1-58512DC5F152}.Release|Any CPU.Build.0 = Release|Any CPU
		{BBF264F2-6D28-4B79-8BB1-58512DC5F152}.Release|Any CPU.Deploy.0 = Release|Any CPU
		{BBF264F2-6D28-4B79-8BB1-58512DC5F152}.Release|iPhone.ActiveCfg = Release|Any CPU
		{BBF264F2-6D28-4B79-8BB1-58512DC5F152}.Release|iPhone.Build.0 = Release|Any CPU
		{BBF264F2-6D28-4B79-8BB1-58512DC5F152}.Release|iPhone.Deploy.0 = Release|Any CPU
		{BBF264F2-6D28-4B79-8BB1-58512DC5F152}.Release|iPhoneSimulator.ActiveCfg = Release|Any CPU
		{BBF264F2-6D28-4B79-8BB1-58512DC5F152}.Release|iPhoneSimulator.Build.0 = Release|Any CPU
		{BBF264F2-6D28-4B79-8BB1-58512DC5F152}.Release|iPhoneSimulator.Deploy.0 = Release|Any CPU
		{1C876052-1EA1-480D-B2CF-75FBE8980C9F}.Ad-Hoc|Any CPU.ActiveCfg = Ad-Hoc|iPhone
		{1C876052-1EA1-480D-B2CF-75FBE8980C9F}.Ad-Hoc|iPhone.ActiveCfg = Ad-Hoc|iPhone
		{1C876052-1EA1-480D-B2CF-75FBE8980C9F}.Ad-Hoc|iPhone.Build.0 = Ad-Hoc|iPhone
		{1C876052-1EA1-480D-B2CF-75FBE8980C9F}.Ad-Hoc|iPhoneSimulator.ActiveCfg = Ad-Hoc|iPhoneSimulator
		{1C876052-1EA1-480D-B2CF-75FBE8980C9F}.Ad-Hoc|iPhoneSimulator.Build.0 = Ad-Hoc|iPhoneSimulator
		{1C876052-1EA1-480D-B2CF-75FBE8980C9F}.AppStore|Any CPU.ActiveCfg = AppStore|iPhone
		{1C876052-1EA1-480D-B2CF-75FBE8980C9F}.AppStore|iPhone.ActiveCfg = AppStore|iPhone
		{1C876052-1EA1-480D-B2CF-75FBE8980C9F}.AppStore|iPhone.Build.0 = AppStore|iPhone
		{1C876052-1EA1-480D-B2CF-75FBE8980C9F}.AppStore|iPhoneSimulator.ActiveCfg = AppStore|iPhoneSimulator
		{1C876052-1EA1-480D-B2CF-75FBE8980C9F}.AppStore|iPhoneSimulator.Build.0 = AppStore|iPhoneSimulator
		{1C876052-1EA1-480D-B2CF-75FBE8980C9F}.Debug|Any CPU.ActiveCfg = Debug|iPhone
		{1C876052-1EA1-480D-B2CF-75FBE8980C9F}.Debug|iPhone.ActiveCfg = Debug|iPhone
		{1C876052-1EA1-480D-B2CF-75FBE8980C9F}.Debug|iPhone.Build.0 = Debug|iPhone
		{1C876052-1EA1-480D-B2CF-75FBE8980C9F}.Debug|iPhoneSimulator.ActiveCfg = Debug|iPhoneSimulator
		{1C876052-1EA1-480D-B2CF-75FBE8980C9F}.Debug|iPhoneSimulator.Build.0 = Debug|iPhoneSimulator
		{1C876052-1EA1-480D-B2CF-75FBE8980C9F}.Release|Any CPU.ActiveCfg = Release|iPhone
		{1C876052-1EA1-480D-B2CF-75FBE8980C9F}.Release|iPhone.ActiveCfg = Release|iPhone
		{1C876052-1EA1-480D-B2CF-75FBE8980C9F}.Release|iPhone.Build.0 = Release|iPhone
		{1C876052-1EA1-480D-B2CF-75FBE8980C9F}.Release|iPhoneSimulator.ActiveCfg = Release|iPhoneSimulator
		{1C876052-1EA1-480D-B2CF-75FBE8980C9F}.Release|iPhoneSimulator.Build.0 = Release|iPhoneSimulator
	EndGlobalSection
	GlobalSection(SolutionProperties) = preSolution
		HideSolutionNode = FALSE
	EndGlobalSection
	GlobalSection(ExtensibilityGlobals) = postSolution
		SolutionGuid = {128003E0-773F-4100-8416-C48B1599556C}
	EndGlobalSection
EndGlobal
